// !$*UTF8*$!
{
	archiveVersion = 1;
	classes = {
	};
	objectVersion = 46;
	objects = {

/* Begin PBXBuildFile section */
		28595943198AC8C30071670D /* CoreTelephony.framework in Frameworks */ = {isa = PBXBuildFile; fileRef = 28595942198AC8C30071670D /* CoreTelephony.framework */; };
		28595945198AC8D10071670D /* libz.dylib in Frameworks */ = {isa = PBXBuildFile; fileRef = 28595944198AC8D10071670D /* libz.dylib */; };
		491B8C361865084E0061D71C /* AddressBook.framework in Frameworks */ = {isa = PBXBuildFile; fileRef = 491B8C351865084E0061D71C /* AddressBook.framework */; };
		49439A591858DFA700A6DCF3 /* MPManager.m in Sources */ = {isa = PBXBuildFile; fileRef = 49439A581858DFA700A6DCF3 /* MPManager.m */; };
		494EB07F185F7C9400A93A4B /* ButtonClickerPlayer.m in Sources */ = {isa = PBXBuildFile; fileRef = 494EB07E185F7C9400A93A4B /* ButtonClickerPlayer.m */; };
		49701A391856BA4200A19EBE /* AssetsLibrary.framework in Frameworks */ = {isa = PBXBuildFile; fileRef = 49701A381856BA4200A19EBE /* AssetsLibrary.framework */; };
		49701A3B1856BA4900A19EBE /* CoreData.framework in Frameworks */ = {isa = PBXBuildFile; fileRef = 49701A3A1856BA4900A19EBE /* CoreData.framework */; };
		49701A3D1856BA4E00A19EBE /* CoreMotion.framework in Frameworks */ = {isa = PBXBuildFile; fileRef = 49701A3C1856BA4E00A19EBE /* CoreMotion.framework */; };
		49701A3F1856BA5400A19EBE /* CoreText.framework in Frameworks */ = {isa = PBXBuildFile; fileRef = 49701A3E1856BA5400A19EBE /* CoreText.framework */; };
		49701A411856BA5A00A19EBE /* MediaPlayer.framework in Frameworks */ = {isa = PBXBuildFile; fileRef = 49701A401856BA5A00A19EBE /* MediaPlayer.framework */; };
		49701A431856BA5F00A19EBE /* QuartzCore.framework in Frameworks */ = {isa = PBXBuildFile; fileRef = 49701A421856BA5F00A19EBE /* QuartzCore.framework */; };
		49701A451856BA6500A19EBE /* Security.framework in Frameworks */ = {isa = PBXBuildFile; fileRef = 49701A441856BA6500A19EBE /* Security.framework */; };
		49701A471856BA6D00A19EBE /* SystemConfiguration.framework in Frameworks */ = {isa = PBXBuildFile; fileRef = 49701A461856BA6D00A19EBE /* SystemConfiguration.framework */; };
		49701A491856BA9800A19EBE /* CoreLocation.framework in Frameworks */ = {isa = PBXBuildFile; fileRef = 49701A481856BA9800A19EBE /* CoreLocation.framework */; };
		49701A4B185788EA00A19EBE /* libc++.dylib in Frameworks */ = {isa = PBXBuildFile; fileRef = 49701A4A185788EA00A19EBE /* libc++.dylib */; };
		4995C54B18626F29008537F7 /* README.md in Resources */ = {isa = PBXBuildFile; fileRef = 4995C54A18626F29008537F7 /* README.md */; };
		49D8179D18567206008B9FD9 /* Foundation.framework in Frameworks */ = {isa = PBXBuildFile; fileRef = 49D8179C18567206008B9FD9 /* Foundation.framework */; };
		49D8179F18567206008B9FD9 /* CoreGraphics.framework in Frameworks */ = {isa = PBXBuildFile; fileRef = 49D8179E18567206008B9FD9 /* CoreGraphics.framework */; };
		49D817A118567206008B9FD9 /* UIKit.framework in Frameworks */ = {isa = PBXBuildFile; fileRef = 49D817A018567206008B9FD9 /* UIKit.framework */; };
		49D817A718567206008B9FD9 /* InfoPlist.strings in Resources */ = {isa = PBXBuildFile; fileRef = 49D817A518567206008B9FD9 /* InfoPlist.strings */; };
		49D817A918567206008B9FD9 /* main.m in Sources */ = {isa = PBXBuildFile; fileRef = 49D817A818567206008B9FD9 /* main.m */; };
		49D817AD18567206008B9FD9 /* AppDelegate.m in Sources */ = {isa = PBXBuildFile; fileRef = 49D817AC18567206008B9FD9 /* AppDelegate.m */; };
		49D817B018567206008B9FD9 /* Main.storyboard in Resources */ = {isa = PBXBuildFile; fileRef = 49D817AE18567206008B9FD9 /* Main.storyboard */; };
		49D817B318567206008B9FD9 /* LobbyViewController.m in Sources */ = {isa = PBXBuildFile; fileRef = 49D817B218567206008B9FD9 /* LobbyViewController.m */; };
		49D817B518567206008B9FD9 /* Images.xcassets in Resources */ = {isa = PBXBuildFile; fileRef = 49D817B418567206008B9FD9 /* Images.xcassets */; };
		49D817BD18567206008B9FD9 /* Foundation.framework in Frameworks */ = {isa = PBXBuildFile; fileRef = 49D8179C18567206008B9FD9 /* Foundation.framework */; };
		49D817BE18567206008B9FD9 /* UIKit.framework in Frameworks */ = {isa = PBXBuildFile; fileRef = 49D817A018567206008B9FD9 /* UIKit.framework */; };
		49D817C618567206008B9FD9 /* InfoPlist.strings in Resources */ = {isa = PBXBuildFile; fileRef = 49D817C418567206008B9FD9 /* InfoPlist.strings */; };
		49D817C818567206008B9FD9 /* ButtonClickerTests.m in Sources */ = {isa = PBXBuildFile; fileRef = 49D817C718567206008B9FD9 /* ButtonClickerTests.m */; };
		49D817D51856818D008B9FD9 /* GameViewController.m in Sources */ = {isa = PBXBuildFile; fileRef = 49D817D41856818D008B9FD9 /* GameViewController.m */; };
		49D817D8185681C5008B9FD9 /* GameModel.m in Sources */ = {isa = PBXBuildFile; fileRef = 49D817D7185681C5008B9FD9 /* GameModel.m */; };
		511BF02B63C8DC6AF397E676 /* libPods-ButtonClickerTests.a in Frameworks */ = {isa = PBXBuildFile; fileRef = F9700E83FF988CCAFDA285BD /* libPods-ButtonClickerTests.a */; };
		C48BF9ABED5844C93D872776 /* libPods-ButtonClicker.a in Frameworks */ = {isa = PBXBuildFile; fileRef = D8F04A2E8A7836B018DCEFB2 /* libPods-ButtonClicker.a */; };
/* End PBXBuildFile section */

/* Begin PBXContainerItemProxy section */
		49D817BF18567206008B9FD9 /* PBXContainerItemProxy */ = {
			isa = PBXContainerItemProxy;
			containerPortal = 49D8179118567206008B9FD9 /* Project object */;
			proxyType = 1;
			remoteGlobalIDString = 49D8179818567206008B9FD9;
			remoteInfo = ButtonClicker;
		};
/* End PBXContainerItemProxy section */

/* Begin PBXFileReference section */
		19AD48F20434F34610E393C5 /* Pods-ButtonClicker.debug.xcconfig */ = {isa = PBXFileReference; includeInIndex = 1; lastKnownFileType = text.xcconfig; name = "Pods-ButtonClicker.debug.xcconfig"; path = "Pods/Target Support Files/Pods-ButtonClicker/Pods-ButtonClicker.debug.xcconfig"; sourceTree = "<group>"; };
		28595942198AC8C30071670D /* CoreTelephony.framework */ = {isa = PBXFileReference; lastKnownFileType = wrapper.framework; name = CoreTelephony.framework; path = System/Library/Frameworks/CoreTelephony.framework; sourceTree = SDKROOT; };
		28595944198AC8D10071670D /* libz.dylib */ = {isa = PBXFileReference; lastKnownFileType = "compiled.mach-o.dylib"; name = libz.dylib; path = usr/lib/libz.dylib; sourceTree = SDKROOT; };
		491B8C351865084E0061D71C /* AddressBook.framework */ = {isa = PBXFileReference; lastKnownFileType = wrapper.framework; name = AddressBook.framework; path = System/Library/Frameworks/AddressBook.framework; sourceTree = SDKROOT; };
		49439A571858DFA700A6DCF3 /* MPManager.h */ = {isa = PBXFileReference; fileEncoding = 4; lastKnownFileType = sourcecode.c.h; path = MPManager.h; sourceTree = "<group>"; };
		49439A581858DFA700A6DCF3 /* MPManager.m */ = {isa = PBXFileReference; fileEncoding = 4; lastKnownFileType = sourcecode.c.objc; path = MPManager.m; sourceTree = "<group>"; };
		494EB07D185F7C9400A93A4B /* ButtonClickerPlayer.h */ = {isa = PBXFileReference; fileEncoding = 4; lastKnownFileType = sourcecode.c.h; path = ButtonClickerPlayer.h; sourceTree = "<group>"; };
		494EB07E185F7C9400A93A4B /* ButtonClickerPlayer.m */ = {isa = PBXFileReference; fileEncoding = 4; lastKnownFileType = sourcecode.c.objc; path = ButtonClickerPlayer.m; sourceTree = "<group>"; };
		49701A381856BA4200A19EBE /* AssetsLibrary.framework */ = {isa = PBXFileReference; lastKnownFileType = wrapper.framework; name = AssetsLibrary.framework; path = System/Library/Frameworks/AssetsLibrary.framework; sourceTree = SDKROOT; };
		49701A3A1856BA4900A19EBE /* CoreData.framework */ = {isa = PBXFileReference; lastKnownFileType = wrapper.framework; name = CoreData.framework; path = System/Library/Frameworks/CoreData.framework; sourceTree = SDKROOT; };
		49701A3C1856BA4E00A19EBE /* CoreMotion.framework */ = {isa = PBXFileReference; lastKnownFileType = wrapper.framework; name = CoreMotion.framework; path = System/Library/Frameworks/CoreMotion.framework; sourceTree = SDKROOT; };
		49701A3E1856BA5400A19EBE /* CoreText.framework */ = {isa = PBXFileReference; lastKnownFileType = wrapper.framework; name = CoreText.framework; path = System/Library/Frameworks/CoreText.framework; sourceTree = SDKROOT; };
		49701A401856BA5A00A19EBE /* MediaPlayer.framework */ = {isa = PBXFileReference; lastKnownFileType = wrapper.framework; name = MediaPlayer.framework; path = System/Library/Frameworks/MediaPlayer.framework; sourceTree = SDKROOT; };
		49701A421856BA5F00A19EBE /* QuartzCore.framework */ = {isa = PBXFileReference; lastKnownFileType = wrapper.framework; name = QuartzCore.framework; path = System/Library/Frameworks/QuartzCore.framework; sourceTree = SDKROOT; };
		49701A441856BA6500A19EBE /* Security.framework */ = {isa = PBXFileReference; lastKnownFileType = wrapper.framework; name = Security.framework; path = System/Library/Frameworks/Security.framework; sourceTree = SDKROOT; };
		49701A461856BA6D00A19EBE /* SystemConfiguration.framework */ = {isa = PBXFileReference; lastKnownFileType = wrapper.framework; name = SystemConfiguration.framework; path = System/Library/Frameworks/SystemConfiguration.framework; sourceTree = SDKROOT; };
		49701A481856BA9800A19EBE /* CoreLocation.framework */ = {isa = PBXFileReference; lastKnownFileType = wrapper.framework; name = CoreLocation.framework; path = System/Library/Frameworks/CoreLocation.framework; sourceTree = SDKROOT; };
		49701A4A185788EA00A19EBE /* libc++.dylib */ = {isa = PBXFileReference; lastKnownFileType = "compiled.mach-o.dylib"; name = "libc++.dylib"; path = "usr/lib/libc++.dylib"; sourceTree = SDKROOT; };
		4995C54518626C85008537F7 /* Constants.h */ = {isa = PBXFileReference; lastKnownFileType = sourcecode.c.h; path = Constants.h; sourceTree = "<group>"; };
		4995C54A18626F29008537F7 /* README.md */ = {isa = PBXFileReference; fileEncoding = 4; lastKnownFileType = text; path = README.md; sourceTree = "<group>"; };
		49D8179918567206008B9FD9 /* ButtonClicker.app */ = {isa = PBXFileReference; explicitFileType = wrapper.application; includeInIndex = 0; path = ButtonClicker.app; sourceTree = BUILT_PRODUCTS_DIR; };
		49D8179C18567206008B9FD9 /* Foundation.framework */ = {isa = PBXFileReference; lastKnownFileType = wrapper.framework; name = Foundation.framework; path = System/Library/Frameworks/Foundation.framework; sourceTree = SDKROOT; };
		49D8179E18567206008B9FD9 /* CoreGraphics.framework */ = {isa = PBXFileReference; lastKnownFileType = wrapper.framework; name = CoreGraphics.framework; path = System/Library/Frameworks/CoreGraphics.framework; sourceTree = SDKROOT; };
		49D817A018567206008B9FD9 /* UIKit.framework */ = {isa = PBXFileReference; lastKnownFileType = wrapper.framework; name = UIKit.framework; path = System/Library/Frameworks/UIKit.framework; sourceTree = SDKROOT; };
		49D817A418567206008B9FD9 /* ButtonClicker-Info.plist */ = {isa = PBXFileReference; lastKnownFileType = text.plist.xml; path = "ButtonClicker-Info.plist"; sourceTree = "<group>"; };
		49D817A618567206008B9FD9 /* en */ = {isa = PBXFileReference; lastKnownFileType = text.plist.strings; name = en; path = en.lproj/InfoPlist.strings; sourceTree = "<group>"; };
		49D817A818567206008B9FD9 /* main.m */ = {isa = PBXFileReference; lastKnownFileType = sourcecode.c.objc; path = main.m; sourceTree = "<group>"; };
		49D817AA18567206008B9FD9 /* ButtonClicker-Prefix.pch */ = {isa = PBXFileReference; lastKnownFileType = sourcecode.c.h; path = "ButtonClicker-Prefix.pch"; sourceTree = "<group>"; };
		49D817AB18567206008B9FD9 /* AppDelegate.h */ = {isa = PBXFileReference; lastKnownFileType = sourcecode.c.h; path = AppDelegate.h; sourceTree = "<group>"; };
		49D817AC18567206008B9FD9 /* AppDelegate.m */ = {isa = PBXFileReference; lastKnownFileType = sourcecode.c.objc; path = AppDelegate.m; sourceTree = "<group>"; };
		49D817AF18567206008B9FD9 /* Base */ = {isa = PBXFileReference; lastKnownFileType = file.storyboard; name = Base; path = Base.lproj/Main.storyboard; sourceTree = "<group>"; };
		49D817B118567206008B9FD9 /* LobbyViewController.h */ = {isa = PBXFileReference; lastKnownFileType = sourcecode.c.h; path = LobbyViewController.h; sourceTree = "<group>"; };
		49D817B218567206008B9FD9 /* LobbyViewController.m */ = {isa = PBXFileReference; lastKnownFileType = sourcecode.c.objc; path = LobbyViewController.m; sourceTree = "<group>"; };
		49D817B418567206008B9FD9 /* Images.xcassets */ = {isa = PBXFileReference; lastKnownFileType = folder.assetcatalog; path = Images.xcassets; sourceTree = "<group>"; };
		49D817BA18567206008B9FD9 /* ButtonClickerTests.xctest */ = {isa = PBXFileReference; explicitFileType = wrapper.cfbundle; includeInIndex = 0; path = ButtonClickerTests.xctest; sourceTree = BUILT_PRODUCTS_DIR; };
		49D817C318567206008B9FD9 /* ButtonClickerTests-Info.plist */ = {isa = PBXFileReference; lastKnownFileType = text.plist.xml; path = "ButtonClickerTests-Info.plist"; sourceTree = "<group>"; };
		49D817C518567206008B9FD9 /* en */ = {isa = PBXFileReference; lastKnownFileType = text.plist.strings; name = en; path = en.lproj/InfoPlist.strings; sourceTree = "<group>"; };
		49D817C718567206008B9FD9 /* ButtonClickerTests.m */ = {isa = PBXFileReference; lastKnownFileType = sourcecode.c.objc; path = ButtonClickerTests.m; sourceTree = "<group>"; };
		49D817D31856818D008B9FD9 /* GameViewController.h */ = {isa = PBXFileReference; fileEncoding = 4; lastKnownFileType = sourcecode.c.h; path = GameViewController.h; sourceTree = "<group>"; };
		49D817D41856818D008B9FD9 /* GameViewController.m */ = {isa = PBXFileReference; fileEncoding = 4; lastKnownFileType = sourcecode.c.objc; path = GameViewController.m; sourceTree = "<group>"; };
		49D817D6185681C5008B9FD9 /* GameModel.h */ = {isa = PBXFileReference; fileEncoding = 4; lastKnownFileType = sourcecode.c.h; path = GameModel.h; sourceTree = "<group>"; };
		49D817D7185681C5008B9FD9 /* GameModel.m */ = {isa = PBXFileReference; fileEncoding = 4; lastKnownFileType = sourcecode.c.objc; path = GameModel.m; sourceTree = "<group>"; };
		6D3605E93D6E76A38017378A /* Pods-ButtonClickerTests.debug.xcconfig */ = {isa = PBXFileReference; includeInIndex = 1; lastKnownFileType = text.xcconfig; name = "Pods-ButtonClickerTests.debug.xcconfig"; path = "Pods/Target Support Files/Pods-ButtonClickerTests/Pods-ButtonClickerTests.debug.xcconfig"; sourceTree = "<group>"; };
		86DA7CBD0E8163A599F0D427 /* Pods-ButtonClicker.release.xcconfig */ = {isa = PBXFileReference; includeInIndex = 1; lastKnownFileType = text.xcconfig; name = "Pods-ButtonClicker.release.xcconfig"; path = "Pods/Target Support Files/Pods-ButtonClicker/Pods-ButtonClicker.release.xcconfig"; sourceTree = "<group>"; };
		AB2A4233A14E294046C755A6 /* Pods-ButtonClickerTests.release.xcconfig */ = {isa = PBXFileReference; includeInIndex = 1; lastKnownFileType = text.xcconfig; name = "Pods-ButtonClickerTests.release.xcconfig"; path = "Pods/Target Support Files/Pods-ButtonClickerTests/Pods-ButtonClickerTests.release.xcconfig"; sourceTree = "<group>"; };
		D8F04A2E8A7836B018DCEFB2 /* libPods-ButtonClicker.a */ = {isa = PBXFileReference; explicitFileType = archive.ar; includeInIndex = 0; path = "libPods-ButtonClicker.a"; sourceTree = BUILT_PRODUCTS_DIR; };
		F9700E83FF988CCAFDA285BD /* libPods-ButtonClickerTests.a */ = {isa = PBXFileReference; explicitFileType = archive.ar; includeInIndex = 0; path = "libPods-ButtonClickerTests.a"; sourceTree = BUILT_PRODUCTS_DIR; };
/* End PBXFileReference section */

/* Begin PBXFrameworksBuildPhase section */
		49D8179618567206008B9FD9 /* Frameworks */ = {
			isa = PBXFrameworksBuildPhase;
			buildActionMask = 2147483647;
			files = (
				28595945198AC8D10071670D /* libz.dylib in Frameworks */,
				28595943198AC8C30071670D /* CoreTelephony.framework in Frameworks */,
				491B8C361865084E0061D71C /* AddressBook.framework in Frameworks */,
				49701A4B185788EA00A19EBE /* libc++.dylib in Frameworks */,
				49701A491856BA9800A19EBE /* CoreLocation.framework in Frameworks */,
				49701A471856BA6D00A19EBE /* SystemConfiguration.framework in Frameworks */,
				49701A451856BA6500A19EBE /* Security.framework in Frameworks */,
				49701A431856BA5F00A19EBE /* QuartzCore.framework in Frameworks */,
				49701A411856BA5A00A19EBE /* MediaPlayer.framework in Frameworks */,
				49701A3F1856BA5400A19EBE /* CoreText.framework in Frameworks */,
				49701A3D1856BA4E00A19EBE /* CoreMotion.framework in Frameworks */,
				49701A3B1856BA4900A19EBE /* CoreData.framework in Frameworks */,
				49701A391856BA4200A19EBE /* AssetsLibrary.framework in Frameworks */,
				49D8179F18567206008B9FD9 /* CoreGraphics.framework in Frameworks */,
				49D817A118567206008B9FD9 /* UIKit.framework in Frameworks */,
				49D8179D18567206008B9FD9 /* Foundation.framework in Frameworks */,
				C48BF9ABED5844C93D872776 /* libPods-ButtonClicker.a in Frameworks */,
			);
			runOnlyForDeploymentPostprocessing = 0;
		};
		49D817B718567206008B9FD9 /* Frameworks */ = {
			isa = PBXFrameworksBuildPhase;
			buildActionMask = 2147483647;
			files = (
				49D817BE18567206008B9FD9 /* UIKit.framework in Frameworks */,
				49D817BD18567206008B9FD9 /* Foundation.framework in Frameworks */,
				511BF02B63C8DC6AF397E676 /* libPods-ButtonClickerTests.a in Frameworks */,
			);
			runOnlyForDeploymentPostprocessing = 0;
		};
/* End PBXFrameworksBuildPhase section */

/* Begin PBXGroup section */
		49D8179018567206008B9FD9 = {
			isa = PBXGroup;
			children = (
				49D817A218567206008B9FD9 /* ButtonClicker */,
				49D817C118567206008B9FD9 /* ButtonClickerTests */,
				49D8179B18567206008B9FD9 /* Frameworks */,
				49D8179A18567206008B9FD9 /* Products */,
				4995C54A18626F29008537F7 /* README.md */,
				D1FC66E6F9D234858E9B3447 /* Pods */,
			);
			sourceTree = "<group>";
		};
		49D8179A18567206008B9FD9 /* Products */ = {
			isa = PBXGroup;
			children = (
				49D8179918567206008B9FD9 /* ButtonClicker.app */,
				49D817BA18567206008B9FD9 /* ButtonClickerTests.xctest */,
			);
			name = Products;
			sourceTree = "<group>";
		};
		49D8179B18567206008B9FD9 /* Frameworks */ = {
			isa = PBXGroup;
			children = (
				28595944198AC8D10071670D /* libz.dylib */,
				28595942198AC8C30071670D /* CoreTelephony.framework */,
				491B8C351865084E0061D71C /* AddressBook.framework */,
				49701A4A185788EA00A19EBE /* libc++.dylib */,
				49701A481856BA9800A19EBE /* CoreLocation.framework */,
				49701A461856BA6D00A19EBE /* SystemConfiguration.framework */,
				49701A441856BA6500A19EBE /* Security.framework */,
				49701A421856BA5F00A19EBE /* QuartzCore.framework */,
				49701A401856BA5A00A19EBE /* MediaPlayer.framework */,
				49701A3E1856BA5400A19EBE /* CoreText.framework */,
				49701A3C1856BA4E00A19EBE /* CoreMotion.framework */,
				49701A3A1856BA4900A19EBE /* CoreData.framework */,
				49701A381856BA4200A19EBE /* AssetsLibrary.framework */,
				49D8179C18567206008B9FD9 /* Foundation.framework */,
				49D8179E18567206008B9FD9 /* CoreGraphics.framework */,
				49D817A018567206008B9FD9 /* UIKit.framework */,
				D8F04A2E8A7836B018DCEFB2 /* libPods-ButtonClicker.a */,
				F9700E83FF988CCAFDA285BD /* libPods-ButtonClickerTests.a */,
			);
			name = Frameworks;
			sourceTree = "<group>";
		};
		49D817A218567206008B9FD9 /* ButtonClicker */ = {
			isa = PBXGroup;
			children = (
				49D817AB18567206008B9FD9 /* AppDelegate.h */,
				49D817AC18567206008B9FD9 /* AppDelegate.m */,
				494EB07D185F7C9400A93A4B /* ButtonClickerPlayer.h */,
				494EB07E185F7C9400A93A4B /* ButtonClickerPlayer.m */,
				4995C54518626C85008537F7 /* Constants.h */,
				49D817D6185681C5008B9FD9 /* GameModel.h */,
				49D817D7185681C5008B9FD9 /* GameModel.m */,
				49D817D31856818D008B9FD9 /* GameViewController.h */,
				49D817D41856818D008B9FD9 /* GameViewController.m */,
				49439A571858DFA700A6DCF3 /* MPManager.h */,
				49439A581858DFA700A6DCF3 /* MPManager.m */,
				49D817B118567206008B9FD9 /* LobbyViewController.h */,
				49D817B218567206008B9FD9 /* LobbyViewController.m */,
				49D817AE18567206008B9FD9 /* Main.storyboard */,
				49D817B418567206008B9FD9 /* Images.xcassets */,
				49D817A318567206008B9FD9 /* Supporting Files */,
			);
			path = ButtonClicker;
			sourceTree = "<group>";
		};
		49D817A318567206008B9FD9 /* Supporting Files */ = {
			isa = PBXGroup;
			children = (
				49D817A418567206008B9FD9 /* ButtonClicker-Info.plist */,
				49D817A518567206008B9FD9 /* InfoPlist.strings */,
				49D817A818567206008B9FD9 /* main.m */,
				49D817AA18567206008B9FD9 /* ButtonClicker-Prefix.pch */,
			);
			name = "Supporting Files";
			sourceTree = "<group>";
		};
		49D817C118567206008B9FD9 /* ButtonClickerTests */ = {
			isa = PBXGroup;
			children = (
				49D817C718567206008B9FD9 /* ButtonClickerTests.m */,
				49D817C218567206008B9FD9 /* Supporting Files */,
			);
			path = ButtonClickerTests;
			sourceTree = "<group>";
		};
		49D817C218567206008B9FD9 /* Supporting Files */ = {
			isa = PBXGroup;
			children = (
				49D817C318567206008B9FD9 /* ButtonClickerTests-Info.plist */,
				49D817C418567206008B9FD9 /* InfoPlist.strings */,
			);
			name = "Supporting Files";
			sourceTree = "<group>";
		};
		D1FC66E6F9D234858E9B3447 /* Pods */ = {
			isa = PBXGroup;
			children = (
				19AD48F20434F34610E393C5 /* Pods-ButtonClicker.debug.xcconfig */,
				86DA7CBD0E8163A599F0D427 /* Pods-ButtonClicker.release.xcconfig */,
				6D3605E93D6E76A38017378A /* Pods-ButtonClickerTests.debug.xcconfig */,
				AB2A4233A14E294046C755A6 /* Pods-ButtonClickerTests.release.xcconfig */,
			);
			name = Pods;
			sourceTree = "<group>";
		};
/* End PBXGroup section */

/* Begin PBXNativeTarget section */
		49D8179818567206008B9FD9 /* ButtonClicker */ = {
			isa = PBXNativeTarget;
			buildConfigurationList = 49D817CB18567206008B9FD9 /* Build configuration list for PBXNativeTarget "ButtonClicker" */;
			buildPhases = (
				402B6DD96B73FF0BE26CEE6D /* Check Pods Manifest.lock */,
				49D8179518567206008B9FD9 /* Sources */,
				49D8179618567206008B9FD9 /* Frameworks */,
				49D8179718567206008B9FD9 /* Resources */,
				80BEE4BECCA8C1011A25E449 /* Embed Pods Frameworks */,
				07FED031177A66A97A221CB8 /* Copy Pods Resources */,
			);
			buildRules = (
			);
			dependencies = (
			);
			name = ButtonClicker;
			productName = ButtonClicker;
			productReference = 49D8179918567206008B9FD9 /* ButtonClicker.app */;
			productType = "com.apple.product-type.application";
		};
		49D817B918567206008B9FD9 /* ButtonClickerTests */ = {
			isa = PBXNativeTarget;
			buildConfigurationList = 49D817CE18567206008B9FD9 /* Build configuration list for PBXNativeTarget "ButtonClickerTests" */;
			buildPhases = (
				157EBED6FFD609FD0EFFE557 /* Check Pods Manifest.lock */,
				49D817B618567206008B9FD9 /* Sources */,
				49D817B718567206008B9FD9 /* Frameworks */,
				49D817B818567206008B9FD9 /* Resources */,
				ABBB9882EBF0D38E33512EAD /* Embed Pods Frameworks */,
				2219172C308A5229990142C0 /* Copy Pods Resources */,
			);
			buildRules = (
			);
			dependencies = (
				49D817C018567206008B9FD9 /* PBXTargetDependency */,
			);
			name = ButtonClickerTests;
			productName = ButtonClickerTests;
			productReference = 49D817BA18567206008B9FD9 /* ButtonClickerTests.xctest */;
			productType = "com.apple.product-type.bundle.unit-test";
		};
/* End PBXNativeTarget section */

/* Begin PBXProject section */
		49D8179118567206008B9FD9 /* Project object */ = {
			isa = PBXProject;
			attributes = {
				LastUpgradeCheck = 0600;
				ORGANIZATIONNAME = Google;
				TargetAttributes = {
					49D817B918567206008B9FD9 = {
						TestTargetID = 49D8179818567206008B9FD9;
					};
				};
			};
			buildConfigurationList = 49D8179418567206008B9FD9 /* Build configuration list for PBXProject "ButtonClicker" */;
			compatibilityVersion = "Xcode 3.2";
			developmentRegion = English;
			hasScannedForEncodings = 0;
			knownRegions = (
				en,
				Base,
			);
			mainGroup = 49D8179018567206008B9FD9;
			productRefGroup = 49D8179A18567206008B9FD9 /* Products */;
			projectDirPath = "";
			projectRoot = "";
			targets = (
				49D8179818567206008B9FD9 /* ButtonClicker */,
				49D817B918567206008B9FD9 /* ButtonClickerTests */,
			);
		};
/* End PBXProject section */

/* Begin PBXResourcesBuildPhase section */
		49D8179718567206008B9FD9 /* Resources */ = {
			isa = PBXResourcesBuildPhase;
			buildActionMask = 2147483647;
			files = (
				4995C54B18626F29008537F7 /* README.md in Resources */,
				49D817B518567206008B9FD9 /* Images.xcassets in Resources */,
				49D817A718567206008B9FD9 /* InfoPlist.strings in Resources */,
				49D817B018567206008B9FD9 /* Main.storyboard in Resources */,
			);
			runOnlyForDeploymentPostprocessing = 0;
		};
		49D817B818567206008B9FD9 /* Resources */ = {
			isa = PBXResourcesBuildPhase;
			buildActionMask = 2147483647;
			files = (
				49D817C618567206008B9FD9 /* InfoPlist.strings in Resources */,
			);
			runOnlyForDeploymentPostprocessing = 0;
		};
/* End PBXResourcesBuildPhase section */

/* Begin PBXShellScriptBuildPhase section */
		07FED031177A66A97A221CB8 /* Copy Pods Resources */ = {
			isa = PBXShellScriptBuildPhase;
			buildActionMask = 2147483647;
			files = (
			);
			inputPaths = (
			);
			name = "Copy Pods Resources";
			outputPaths = (
			);
			runOnlyForDeploymentPostprocessing = 0;
			shellPath = /bin/sh;
			shellScript = "\"${SRCROOT}/Pods/Target Support Files/Pods-ButtonClicker/Pods-ButtonClicker-resources.sh\"\n";
			showEnvVarsInLog = 0;
		};
		157EBED6FFD609FD0EFFE557 /* Check Pods Manifest.lock */ = {
			isa = PBXShellScriptBuildPhase;
			buildActionMask = 2147483647;
			files = (
			);
			inputPaths = (
			);
			name = "Check Pods Manifest.lock";
			outputPaths = (
			);
			runOnlyForDeploymentPostprocessing = 0;
			shellPath = /bin/sh;
			shellScript = "diff \"${PODS_ROOT}/../Podfile.lock\" \"${PODS_ROOT}/Manifest.lock\" > /dev/null\nif [[ $? != 0 ]] ; then\n    cat << EOM\nerror: The sandbox is not in sync with the Podfile.lock. Run 'pod install' or update your CocoaPods installation.\nEOM\n    exit 1\nfi\n";
			showEnvVarsInLog = 0;
		};
		2219172C308A5229990142C0 /* Copy Pods Resources */ = {
			isa = PBXShellScriptBuildPhase;
			buildActionMask = 2147483647;
			files = (
			);
			inputPaths = (
			);
			name = "Copy Pods Resources";
			outputPaths = (
			);
			runOnlyForDeploymentPostprocessing = 0;
			shellPath = /bin/sh;
			shellScript = "\"${SRCROOT}/Pods/Target Support Files/Pods-ButtonClickerTests/Pods-ButtonClickerTests-resources.sh\"\n";
			showEnvVarsInLog = 0;
		};
		402B6DD96B73FF0BE26CEE6D /* Check Pods Manifest.lock */ = {
			isa = PBXShellScriptBuildPhase;
			buildActionMask = 2147483647;
			files = (
			);
			inputPaths = (
			);
			name = "Check Pods Manifest.lock";
			outputPaths = (
			);
			runOnlyForDeploymentPostprocessing = 0;
			shellPath = /bin/sh;
			shellScript = "diff \"${PODS_ROOT}/../Podfile.lock\" \"${PODS_ROOT}/Manifest.lock\" > /dev/null\nif [[ $? != 0 ]] ; then\n    cat << EOM\nerror: The sandbox is not in sync with the Podfile.lock. Run 'pod install' or update your CocoaPods installation.\nEOM\n    exit 1\nfi\n";
			showEnvVarsInLog = 0;
		};
		80BEE4BECCA8C1011A25E449 /* Embed Pods Frameworks */ = {
			isa = PBXShellScriptBuildPhase;
			buildActionMask = 2147483647;
			files = (
			);
			inputPaths = (
			);
			name = "Embed Pods Frameworks";
			outputPaths = (
			);
			runOnlyForDeploymentPostprocessing = 0;
			shellPath = /bin/sh;
			shellScript = "\"${SRCROOT}/Pods/Target Support Files/Pods-ButtonClicker/Pods-ButtonClicker-frameworks.sh\"\n";
			showEnvVarsInLog = 0;
		};
		ABBB9882EBF0D38E33512EAD /* Embed Pods Frameworks */ = {
			isa = PBXShellScriptBuildPhase;
			buildActionMask = 2147483647;
			files = (
			);
			inputPaths = (
			);
			name = "Embed Pods Frameworks";
			outputPaths = (
			);
			runOnlyForDeploymentPostprocessing = 0;
			shellPath = /bin/sh;
			shellScript = "\"${SRCROOT}/Pods/Target Support Files/Pods-ButtonClickerTests/Pods-ButtonClickerTests-frameworks.sh\"\n";
			showEnvVarsInLog = 0;
		};
/* End PBXShellScriptBuildPhase section */

/* Begin PBXSourcesBuildPhase section */
		49D8179518567206008B9FD9 /* Sources */ = {
			isa = PBXSourcesBuildPhase;
			buildActionMask = 2147483647;
			files = (
				49D817D51856818D008B9FD9 /* GameViewController.m in Sources */,
				49D817B318567206008B9FD9 /* LobbyViewController.m in Sources */,
				49D817D8185681C5008B9FD9 /* GameModel.m in Sources */,
				49D817AD18567206008B9FD9 /* AppDelegate.m in Sources */,
				49439A591858DFA700A6DCF3 /* MPManager.m in Sources */,
				494EB07F185F7C9400A93A4B /* ButtonClickerPlayer.m in Sources */,
				49D817A918567206008B9FD9 /* main.m in Sources */,
			);
			runOnlyForDeploymentPostprocessing = 0;
		};
		49D817B618567206008B9FD9 /* Sources */ = {
			isa = PBXSourcesBuildPhase;
			buildActionMask = 2147483647;
			files = (
				49D817C818567206008B9FD9 /* ButtonClickerTests.m in Sources */,
			);
			runOnlyForDeploymentPostprocessing = 0;
		};
/* End PBXSourcesBuildPhase section */

/* Begin PBXTargetDependency section */
		49D817C018567206008B9FD9 /* PBXTargetDependency */ = {
			isa = PBXTargetDependency;
			target = 49D8179818567206008B9FD9 /* ButtonClicker */;
			targetProxy = 49D817BF18567206008B9FD9 /* PBXContainerItemProxy */;
		};
/* End PBXTargetDependency section */

/* Begin PBXVariantGroup section */
		49D817A518567206008B9FD9 /* InfoPlist.strings */ = {
			isa = PBXVariantGroup;
			children = (
				49D817A618567206008B9FD9 /* en */,
			);
			name = InfoPlist.strings;
			sourceTree = "<group>";
		};
		49D817AE18567206008B9FD9 /* Main.storyboard */ = {
			isa = PBXVariantGroup;
			children = (
				49D817AF18567206008B9FD9 /* Base */,
			);
			name = Main.storyboard;
			sourceTree = "<group>";
		};
		49D817C418567206008B9FD9 /* InfoPlist.strings */ = {
			isa = PBXVariantGroup;
			children = (
				49D817C518567206008B9FD9 /* en */,
			);
			name = InfoPlist.strings;
			sourceTree = "<group>";
		};
/* End PBXVariantGroup section */

/* Begin XCBuildConfiguration section */
		49D817C918567206008B9FD9 /* Debug */ = {
			isa = XCBuildConfiguration;
			buildSettings = {
				ALWAYS_SEARCH_USER_PATHS = NO;
				CLANG_CXX_LANGUAGE_STANDARD = "gnu++0x";
				CLANG_CXX_LIBRARY = "libc++";
				CLANG_ENABLE_MODULES = YES;
				CLANG_ENABLE_OBJC_ARC = YES;
				CLANG_WARN_BOOL_CONVERSION = YES;
				CLANG_WARN_CONSTANT_CONVERSION = YES;
				CLANG_WARN_DIRECT_OBJC_ISA_USAGE = YES_ERROR;
				CLANG_WARN_EMPTY_BODY = YES;
				CLANG_WARN_ENUM_CONVERSION = YES;
				CLANG_WARN_INT_CONVERSION = YES;
				CLANG_WARN_OBJC_ROOT_CLASS = YES_ERROR;
				CLANG_WARN__DUPLICATE_METHOD_MATCH = YES;
				"CODE_SIGN_IDENTITY[sdk=iphoneos*]" = "";
				COPY_PHASE_STRIP = NO;
				GCC_C_LANGUAGE_STANDARD = gnu99;
				GCC_DYNAMIC_NO_PIC = NO;
				GCC_OPTIMIZATION_LEVEL = 0;
				GCC_PREPROCESSOR_DEFINITIONS = (
					"DEBUG=1",
					"$(inherited)",
				);
				GCC_SYMBOLS_PRIVATE_EXTERN = NO;
				GCC_WARN_64_TO_32_BIT_CONVERSION = YES;
				GCC_WARN_ABOUT_RETURN_TYPE = YES_ERROR;
				GCC_WARN_UNDECLARED_SELECTOR = YES;
				GCC_WARN_UNINITIALIZED_AUTOS = YES;
				GCC_WARN_UNUSED_FUNCTION = YES;
				GCC_WARN_UNUSED_VARIABLE = YES;
				IPHONEOS_DEPLOYMENT_TARGET = 7.0;
				ONLY_ACTIVE_ARCH = YES;
				SDKROOT = iphoneos;
			};
			name = Debug;
		};
		49D817CA18567206008B9FD9 /* Release */ = {
			isa = XCBuildConfiguration;
			buildSettings = {
				ALWAYS_SEARCH_USER_PATHS = NO;
				CLANG_CXX_LANGUAGE_STANDARD = "gnu++0x";
				CLANG_CXX_LIBRARY = "libc++";
				CLANG_ENABLE_MODULES = YES;
				CLANG_ENABLE_OBJC_ARC = YES;
				CLANG_WARN_BOOL_CONVERSION = YES;
				CLANG_WARN_CONSTANT_CONVERSION = YES;
				CLANG_WARN_DIRECT_OBJC_ISA_USAGE = YES_ERROR;
				CLANG_WARN_EMPTY_BODY = YES;
				CLANG_WARN_ENUM_CONVERSION = YES;
				CLANG_WARN_INT_CONVERSION = YES;
				CLANG_WARN_OBJC_ROOT_CLASS = YES_ERROR;
				CLANG_WARN__DUPLICATE_METHOD_MATCH = YES;
				"CODE_SIGN_IDENTITY[sdk=iphoneos*]" = "";
				COPY_PHASE_STRIP = YES;
				ENABLE_NS_ASSERTIONS = NO;
				GCC_C_LANGUAGE_STANDARD = gnu99;
				GCC_WARN_64_TO_32_BIT_CONVERSION = YES;
				GCC_WARN_ABOUT_RETURN_TYPE = YES_ERROR;
				GCC_WARN_UNDECLARED_SELECTOR = YES;
				GCC_WARN_UNINITIALIZED_AUTOS = YES;
				GCC_WARN_UNUSED_FUNCTION = YES;
				GCC_WARN_UNUSED_VARIABLE = YES;
				IPHONEOS_DEPLOYMENT_TARGET = 7.0;
				SDKROOT = iphoneos;
				VALIDATE_PRODUCT = YES;
			};
			name = Release;
		};
		49D817CC18567206008B9FD9 /* Debug */ = {
			isa = XCBuildConfiguration;
			baseConfigurationReference = 19AD48F20434F34610E393C5 /* Pods-ButtonClicker.debug.xcconfig */;
			buildSettings = {
				ASSETCATALOG_COMPILER_APPICON_NAME = AppIcon;
				ASSETCATALOG_COMPILER_LAUNCHIMAGE_NAME = LaunchImage;
				CLANG_CXX_LIBRARY = "libc++";
				FRAMEWORK_SEARCH_PATHS = "$(inherited)";
				GCC_PRECOMPILE_PREFIX_HEADER = YES;
				GCC_PREFIX_HEADER = "ButtonClicker/ButtonClicker-Prefix.pch";
				INFOPLIST_FILE = "ButtonClicker/ButtonClicker-Info.plist";
				OTHER_LDFLAGS = "$(inherited)";
				PRODUCT_NAME = "$(TARGET_NAME)";
				WRAPPER_EXTENSION = app;
			};
			name = Debug;
		};
		49D817CD18567206008B9FD9 /* Release */ = {
			isa = XCBuildConfiguration;
			baseConfigurationReference = 86DA7CBD0E8163A599F0D427 /* Pods-ButtonClicker.release.xcconfig */;
			buildSettings = {
				ASSETCATALOG_COMPILER_APPICON_NAME = AppIcon;
				ASSETCATALOG_COMPILER_LAUNCHIMAGE_NAME = LaunchImage;
				CLANG_CXX_LIBRARY = "libc++";
				FRAMEWORK_SEARCH_PATHS = "$(inherited)";
				GCC_PRECOMPILE_PREFIX_HEADER = YES;
				GCC_PREFIX_HEADER = "ButtonClicker/ButtonClicker-Prefix.pch";
				INFOPLIST_FILE = "ButtonClicker/ButtonClicker-Info.plist";
				OTHER_LDFLAGS = "$(inherited)";
				PRODUCT_NAME = "$(TARGET_NAME)";
				WRAPPER_EXTENSION = app;
			};
			name = Release;
		};
		49D817CF18567206008B9FD9 /* Debug */ = {
			isa = XCBuildConfiguration;
			baseConfigurationReference = 6D3605E93D6E76A38017378A /* Pods-ButtonClickerTests.debug.xcconfig */;
			buildSettings = {
				BUNDLE_LOADER = "$(BUILT_PRODUCTS_DIR)/ButtonClicker.app/ButtonClicker";
				FRAMEWORK_SEARCH_PATHS = (
					"$(SDKROOT)/Developer/Library/Frameworks",
					"$(inherited)",
					"$(DEVELOPER_FRAMEWORKS_DIR)",
					"$(SRCROOT)/../Libraries",
				);
				GCC_PRECOMPILE_PREFIX_HEADER = YES;
				GCC_PREFIX_HEADER = "ButtonClicker/ButtonClicker-Prefix.pch";
				GCC_PREPROCESSOR_DEFINITIONS = (
					"DEBUG=1",
					"$(inherited)",
				);
				INFOPLIST_FILE = "ButtonClickerTests/ButtonClickerTests-Info.plist";
				PRODUCT_NAME = "$(TARGET_NAME)";
				TEST_HOST = "$(BUNDLE_LOADER)";
				WRAPPER_EXTENSION = xctest;
			};
			name = Debug;
		};
		49D817D018567206008B9FD9 /* Release */ = {
			isa = XCBuildConfiguration;
			baseConfigurationReference = AB2A4233A14E294046C755A6 /* Pods-ButtonClickerTests.release.xcconfig */;
			buildSettings = {
				BUNDLE_LOADER = "$(BUILT_PRODUCTS_DIR)/ButtonClicker.app/ButtonClicker";
				FRAMEWORK_SEARCH_PATHS = (
					"$(SDKROOT)/Developer/Library/Frameworks",
					"$(inherited)",
					"$(DEVELOPER_FRAMEWORKS_DIR)",
					"$(SRCROOT)/../Libraries",
				);
				GCC_PRECOMPILE_PREFIX_HEADER = YES;
				GCC_PREFIX_HEADER = "ButtonClicker/ButtonClicker-Prefix.pch";
				INFOPLIST_FILE = "ButtonClickerTests/ButtonClickerTests-Info.plist";
				PRODUCT_NAME = "$(TARGET_NAME)";
				TEST_HOST = "$(BUNDLE_LOADER)";
				WRAPPER_EXTENSION = xctest;
			};
			name = Release;
		};
/* End XCBuildConfiguration section */

/* Begin XCConfigurationList section */
		49D8179418567206008B9FD9 /* Build configuration list for PBXProject "ButtonClicker" */ = {
			isa = XCConfigurationList;
			buildConfigurations = (
				49D817C918567206008B9FD9 /* Debug */,
				49D817CA18567206008B9FD9 /* Release */,
			);
			defaultConfigurationIsVisible = 0;
			defaultConfigurationName = Release;
		};
		49D817CB18567206008B9FD9 /* Build configuration list for PBXNativeTarget "ButtonClicker" */ = {
			isa = XCConfigurationList;
			buildConfigurations = (
				49D817CC18567206008B9FD9 /* Debug */,
				49D817CD18567206008B9FD9 /* Release */,
			);
			defaultConfigurationIsVisible = 0;
			defaultConfigurationName = Release;
		};
		49D817CE18567206008B9FD9 /* Build configuration list for PBXNativeTarget "ButtonClickerTests" */ = {
			isa = XCConfigurationList;
			buildConfigurations = (
				49D817CF18567206008B9FD9 /* Debug */,
				49D817D018567206008B9FD9 /* Release */,
			);
			defaultConfigurationIsVisible = 0;
			defaultConfigurationName = Release;
		};
/* End XCConfigurationList section */
	};
	rootObject = 49D8179118567206008B9FD9 /* Project object */;
}
